
Microsoft Visual Studio Solution File, Format Version 12.00
# Visual Studio Version 16
VisualStudioVersion = 16.0.31105.61
MinimumVisualStudioVersion = 10.0.40219.1
Project("{FAE04EC0-301F-11D3-BF4B-00C04F79EFBC}") = "TUP-Laboratorio-3-Tp-Final", "TUP-Laboratorio-3-Tp-Final.csproj", "{BA62C6EF-C9FE-4FAD-A0D8-D0FB9CC3C42E}"
EndProject
Global
	GlobalSection(SolutionConfigurationPlatforms) = preSolution
		Debug|Any CPU = Debug|Any CPU
		Release|Any CPU = Release|Any CPU
	EndGlobalSection
	GlobalSection(ProjectConfigurationPlatforms) = postSolution
		{BA62C6EF-C9FE-4FAD-A0D8-D0FB9CC3C42E}.Debug|Any CPU.ActiveCfg = Debug|Any CPU
		{BA62C6EF-C9FE-4FAD-A0D8-D0FB9CC3C42E}.Debug|Any CPU.Build.0 = Debug|Any CPU
		{BA62C6EF-C9FE-4FAD-A0D8-D0FB9CC3C42E}.Release|Any CPU.ActiveCfg = Release|Any CPU
		{BA62C6EF-C9FE-4FAD-A0D8-D0FB9CC3C42E}.Release|Any CPU.Build.0 = Release|Any CPU
	EndGlobalSection
	GlobalSection(SolutionProperties) = preSolution
		HideSolutionNode = FALSE
	EndGlobalSection
	GlobalSection(ExtensibilityGlobals) = postSolution
		SolutionGuid = {4C345EAC-11F6-46C5-ADB7-E0F15AE53422}
	EndGlobalSection
EndGlobal
